{
  "name": "bantam",
  "version": "1.1.0",
  "lockfileVersion": 3,
  "requires": true,
  "packages": {
    "": {
      "name": "bantam",
      "version": "1.1.0",
      "license": "Apache-2.0",
      "dependencies": {
        "@discoveryjs/json-ext": "1.1.0",
        "acorn": "^8.17.0",
        "acorn-walk": "^8.3.5",
        "undici": "6.28.1"
      },
      "bin": {
        "bantam": "bin/bantam.js",
        "bantamfactory": "bin/bantamfactory"
      },
      "engines": {
        "node": ">=20"
      }
    },
    "node_modules/@discoveryjs/json-ext": {
      "version": "1.1.0",
      "resolved": "https://registry.npmjs.org/@discoveryjs/json-ext/-/json-ext-1.1.0.tgz",
      "integrity": "sha512-Xc3VhU02wqZ1HvHRJUwL09HkZSTvidqY5Ya0NXBSYOxAp+Ln9dcJr9fySI+CkONzP3PekQo9WdzCv0PGER/mOA==",
      "license": "MIT",
      "engines": {
        "node": ">=14.17.0"
      }
    },
    "node_modules/acorn": {
      "version": "8.17.0",
      "resolved": "https://registry.npmjs.org/acorn/-/acorn-8.17.0.tgz",
      "integrity": "sha512-xRQbDb9BnwDafYNn6Vwl839DYVjqXYb1XVGtWAZ1kcDc6iwAL4hg3B1dZlRiuENFeO2H53gFG3in621AdERVAg==",
      "license": "MIT",
      "bin": {
        "acorn": "bin/acorn"
      },
      "engines": {
        "node": ">=0.4.0"
      }
    },
    "node_modules/acorn-walk": {
      "version": "8.3.5",
      "resolved": "https://registry.npmjs.org/acorn-walk/-/acorn-walk-8.3.5.tgz",
      "integrity": "sha512-HEHNfbars9v4pgpW6SO1KSPkfoS0xVOM/9UzkJltjlsHZmJasxg8aXkuZa7SMf8vKGIBhpUsPluQSqhJFCqebw==",
      "license": "MIT",
      "dependencies": {
        "acorn": "^8.11.0"
      },
      "engines": {
        "node": ">=0.4.0"
      }
    },
    "node_modules/undici": {
      "version": "6.28.1",
      "resolved": "https://registry.npmjs.org/undici/-/undici-6.28.1.tgz",
      "integrity": "sha512-zWpdTVD54H48CIybL0rWQ3ukpb9d23wM7eH5RtfdmeP70cWHNjtfo7P4vZX+5CoDcO53J4Pu5uXp7lNfjc6DRA==",
      "license": "MIT",
      "engines": {
        "node": ">=18.17"
      }
    }
  }
}
